
Microsoft Visual Studio Solution File, Format Version 12.00
# Visual Studio Version 17
VisualStudioVersion = 17.14.36717.8
MinimumVisualStudioVersion = 10.0.40219.1
Project("{FAE04EC0-301F-11D3-BF4B-00C04F79EFBC}") = "Tyuiu.KomkovAA.Sprint6.Task0.V1.Lib", "Tyuiu.KomkovAA.Sprint6.Task0.V1.Lib\Tyuiu.KomkovAA.Sprint6.Task0.V1.Lib.csproj", "{197CC225-E2F4-4E94-9499-748E679179D1}"
EndProject
Global
	GlobalSection(SolutionConfigurationPlatforms) = preSolution
		Debug|Any CPU = Debug|Any CPU
		Release|Any CPU = Release|Any CPU
	EndGlobalSection
	GlobalSection(ProjectConfigurationPlatforms) = postSolution
		{197CC225-E2F4-4E94-9499-748E679179D1}.Debug|Any CPU.ActiveCfg = Debug|Any CPU
		{197CC225-E2F4-4E94-9499-748E679179D1}.Debug|Any CPU.Build.0 = Debug|Any CPU
		{197CC225-E2F4-4E94-9499-748E679179D1}.Release|Any CPU.ActiveCfg = Release|Any CPU
		{197CC225-E2F4-4E94-9499-748E679179D1}.Release|Any CPU.Build.0 = Release|Any CPU
	EndGlobalSection
	GlobalSection(SolutionProperties) = preSolution
		HideSolutionNode = FALSE
	EndGlobalSection
	GlobalSection(ExtensibilityGlobals) = postSolution
		SolutionGuid = {A76DE60E-4A10-4463-83AF-3C913C9F5520}
	EndGlobalSection
EndGlobal
