
Microsoft Visual Studio Solution File, Format Version 12.00
# Visual Studio Version 17
VisualStudioVersion = 17.14.36717.8
MinimumVisualStudioVersion = 10.0.40219.1
Project("{FAE04EC0-301F-11D3-BF4B-00C04F79EFBC}") = "Tyuiu.KomkovAA.Sprint6.Task0.V1.Lib", "Tyuiu.KomkovAA.Sprint6.Task0.V1.Lib\Tyuiu.KomkovAA.Sprint6.Task0.V1.Lib.csproj", "{197CC225-E2F4-4E94-9499-748E679179D1}"
EndProject
Project("{2150E333-8FDC-42A3-9474-1A3956D46DE8}") = "Task0", "Task0", "{02EA681E-C7D8-13C7-8484-4AC65E1B71E8}"
EndProject
Project("{FAE04EC0-301F-11D3-BF4B-00C04F79EFBC}") = "Tyuiu.KomkovAA.Sprint6.Task0.V1.Test", "Tyuiu.KomkovAA.Sprint6.Task0.V1.Test\Tyuiu.KomkovAA.Sprint6.Task0.V1.Test.csproj", "{0CAAD961-DA26-4EFB-B5EE-37F61619C92B}"
EndProject
Project("{FAE04EC0-301F-11D3-BF4B-00C04F79EFBC}") = "Tyuiu.KomkovAA.Sprint6.Task0.V1", "Tyuiu.KomkovAA.Sprint6.Task0.V1\Tyuiu.KomkovAA.Sprint6.Task0.V1.csproj", "{37F0DEFF-E02F-46BA-9205-CDA1020C4C85}"
EndProject
Project("{2150E333-8FDC-42A3-9474-1A3956D46DE8}") = "Task1", "Task1", "{3507F01B-2101-46A7-86E7-4AA512B487C2}"
EndProject
Project("{FAE04EC0-301F-11D3-BF4B-00C04F79EFBC}") = "Tyuiu.KomkovAA.Sprint6.Task1.V24.Lib", "Tyuiu.KomkovAA.Sprint6.Task1.V24.Lib\Tyuiu.KomkovAA.Sprint6.Task1.V24.Lib.csproj", "{15953C90-F544-4C24-A12D-62844764D5D1}"
EndProject
Project("{FAE04EC0-301F-11D3-BF4B-00C04F79EFBC}") = "Tyuiu.KomkovAA.Sprint6.Task1.V24.Test", "Tyuiu.KomkovAA.Sprint6.Task1.V24.Test\Tyuiu.KomkovAA.Sprint6.Task1.V24.Test.csproj", "{FEACF0F0-18D5-484E-AD10-549643541D5A}"
EndProject
Project("{FAE04EC0-301F-11D3-BF4B-00C04F79EFBC}") = "Tyuiu.KomkovAA.Sprint6.Task1.V24", "Tyuiu.KomkovAA.Sprint6.Task1.V24\Tyuiu.KomkovAA.Sprint6.Task1.V24.csproj", "{CB9CF26F-CCE3-42CC-B47A-58FEFCB2B069}"
EndProject
Project("{2150E333-8FDC-42A3-9474-1A3956D46DE8}") = "Task2", "Task2", "{EB1C78AF-5780-4EA9-8B43-1869C1EE44A5}"
EndProject
Project("{FAE04EC0-301F-11D3-BF4B-00C04F79EFBC}") = "Tyuiu.KomkovAA.Sprint6.Task2.V30.Lib", "Tyuiu.KomkovAA.Sprint6.Task2.V30.Lib\Tyuiu.KomkovAA.Sprint6.Task2.V30.Lib.csproj", "{292B8D53-C17E-4B46-BD8F-587EED41804C}"
EndProject
Project("{FAE04EC0-301F-11D3-BF4B-00C04F79EFBC}") = "Tyuiu.KomkovAA.Sprint6.Task2.V30.Test", "Tyuiu.KomkovAA.Sprint6.Task2.V30.Test\Tyuiu.KomkovAA.Sprint6.Task2.V30.Test.csproj", "{709EBF72-02AB-4B01-8686-367FBB8775F3}"
EndProject
Project("{FAE04EC0-301F-11D3-BF4B-00C04F79EFBC}") = "Tyuiu.KomkovAA.Sprint6.Task2.V30", "Tyuiu.KomkovAA.Sprint6.Task2.V30\Tyuiu.KomkovAA.Sprint6.Task2.V30.csproj", "{48B5307E-DFB7-4274-863F-3C689F867369}"
EndProject
Project("{2150E333-8FDC-42A3-9474-1A3956D46DE8}") = "Task3", "Task3", "{C9898CDD-8722-4A43-B766-2CBA6F918F32}"
EndProject
Project("{FAE04EC0-301F-11D3-BF4B-00C04F79EFBC}") = "Tyuiu.KomkovAA.Sprint6.Task3.V23.Lib", "Tyuiu.KomkovAA.Sprint6.Task3.V23.Lib\Tyuiu.KomkovAA.Sprint6.Task3.V23.Lib.csproj", "{2281A30B-4B65-4849-83EB-83C157BDF061}"
EndProject
Project("{FAE04EC0-301F-11D3-BF4B-00C04F79EFBC}") = "Tyuiu.KomkovAA.Sprint6.Task3.V23.Test", "Tyuiu.KomkovAA.Sprint6.Task3.V23.Test\Tyuiu.KomkovAA.Sprint6.Task3.V23.Test.csproj", "{BE1E24D0-BAFD-4A1C-A04B-9B90FEA7958A}"
EndProject
Project("{FAE04EC0-301F-11D3-BF4B-00C04F79EFBC}") = "Tyuiu.KomkovAA.Sprint6.Task3.V23", "Tyuiu.KomkovAA.Sprint6.Task3.V23\Tyuiu.KomkovAA.Sprint6.Task3.V23.csproj", "{26F2FAB0-6360-419C-A0BE-E738184C87BF}"
EndProject
Project("{2150E333-8FDC-42A3-9474-1A3956D46DE8}") = "Task4", "Task4", "{826768FF-996D-4DAD-8307-5979BA66C4A8}"
EndProject
Project("{FAE04EC0-301F-11D3-BF4B-00C04F79EFBC}") = "Tyuiu.KomkovAA.Sprint6.Task4.V25.Lib", "Tyuiu.KomkovAA.Sprint6.Task4.V25.Lib\Tyuiu.KomkovAA.Sprint6.Task4.V25.Lib.csproj", "{1E034294-43B4-452D-B618-A80776C11280}"
EndProject
Project("{FAE04EC0-301F-11D3-BF4B-00C04F79EFBC}") = "Tyuiu.KomkovAA.Sprint6.Task4.V25.Test", "Tyuiu.KomkovAA.Sprint6.Task4.V25.Test\Tyuiu.KomkovAA.Sprint6.Task4.V25.Test.csproj", "{092E6B23-07FA-49A4-8450-4580B5871E80}"
EndProject
Project("{FAE04EC0-301F-11D3-BF4B-00C04F79EFBC}") = "Tyuiu.KomkovAA.Sprint6.Task4.V25", "Tyuiu.KomkovAA.Sprint6.Task4.V25\Tyuiu.KomkovAA.Sprint6.Task4.V25.csproj", "{D22D79B5-433D-4D6B-8CE2-E6B6586C083F}"
EndProject
Project("{2150E333-8FDC-42A3-9474-1A3956D46DE8}") = "Task5", "Task5", "{2D0D9D61-D8E2-40E1-93BA-D9B904A02B9F}"
EndProject
Project("{FAE04EC0-301F-11D3-BF4B-00C04F79EFBC}") = "Tyuiu.KomkovAA.Sprint6.Task5.V29.Lib", "Tyuiu.KomkovAA.Sprint6.Task5.V29.Lib\Tyuiu.KomkovAA.Sprint6.Task5.V29.Lib.csproj", "{55FFC6D6-6691-468B-A938-A8C22FDADD8F}"
EndProject
Project("{FAE04EC0-301F-11D3-BF4B-00C04F79EFBC}") = "Tyuiu.KomkovAA.Sprint6.Task5.V29.Test", "Tyuiu.KomkovAA.Sprint6.Task5.V29.Test\Tyuiu.KomkovAA.Sprint6.Task5.V29.Test.csproj", "{FE0A1498-B243-42AF-B5E0-1A070C37BCBE}"
EndProject
Project("{FAE04EC0-301F-11D3-BF4B-00C04F79EFBC}") = "Tyuiu.KomkovAA.Sprint6.Task5.V29", "Tyuiu.KomkovAA.Sprint6.Task5.V29\Tyuiu.KomkovAA.Sprint6.Task5.V29.csproj", "{B86144E8-E421-4219-9664-CD0519AEF947}"
EndProject
Project("{2150E333-8FDC-42A3-9474-1A3956D46DE8}") = "Task6", "Task6", "{FC15F228-8C0F-44EF-A6A4-7D79BC35FFFB}"
EndProject
Global
	GlobalSection(SolutionConfigurationPlatforms) = preSolution
		Debug|Any CPU = Debug|Any CPU
		Release|Any CPU = Release|Any CPU
	EndGlobalSection
	GlobalSection(ProjectConfigurationPlatforms) = postSolution
		{197CC225-E2F4-4E94-9499-748E679179D1}.Debug|Any CPU.ActiveCfg = Debug|Any CPU
		{197CC225-E2F4-4E94-9499-748E679179D1}.Debug|Any CPU.Build.0 = Debug|Any CPU
		{197CC225-E2F4-4E94-9499-748E679179D1}.Release|Any CPU.ActiveCfg = Release|Any CPU
		{197CC225-E2F4-4E94-9499-748E679179D1}.Release|Any CPU.Build.0 = Release|Any CPU
		{0CAAD961-DA26-4EFB-B5EE-37F61619C92B}.Debug|Any CPU.ActiveCfg = Debug|Any CPU
		{0CAAD961-DA26-4EFB-B5EE-37F61619C92B}.Debug|Any CPU.Build.0 = Debug|Any CPU
		{0CAAD961-DA26-4EFB-B5EE-37F61619C92B}.Release|Any CPU.ActiveCfg = Release|Any CPU
		{0CAAD961-DA26-4EFB-B5EE-37F61619C92B}.Release|Any CPU.Build.0 = Release|Any CPU
		{37F0DEFF-E02F-46BA-9205-CDA1020C4C85}.Debug|Any CPU.ActiveCfg = Debug|Any CPU
		{37F0DEFF-E02F-46BA-9205-CDA1020C4C85}.Debug|Any CPU.Build.0 = Debug|Any CPU
		{37F0DEFF-E02F-46BA-9205-CDA1020C4C85}.Release|Any CPU.ActiveCfg = Release|Any CPU
		{37F0DEFF-E02F-46BA-9205-CDA1020C4C85}.Release|Any CPU.Build.0 = Release|Any CPU
		{15953C90-F544-4C24-A12D-62844764D5D1}.Debug|Any CPU.ActiveCfg = Debug|Any CPU
		{15953C90-F544-4C24-A12D-62844764D5D1}.Debug|Any CPU.Build.0 = Debug|Any CPU
		{15953C90-F544-4C24-A12D-62844764D5D1}.Release|Any CPU.ActiveCfg = Release|Any CPU
		{15953C90-F544-4C24-A12D-62844764D5D1}.Release|Any CPU.Build.0 = Release|Any CPU
		{FEACF0F0-18D5-484E-AD10-549643541D5A}.Debug|Any CPU.ActiveCfg = Debug|Any CPU
		{FEACF0F0-18D5-484E-AD10-549643541D5A}.Debug|Any CPU.Build.0 = Debug|Any CPU
		{FEACF0F0-18D5-484E-AD10-549643541D5A}.Release|Any CPU.ActiveCfg = Release|Any CPU
		{FEACF0F0-18D5-484E-AD10-549643541D5A}.Release|Any CPU.Build.0 = Release|Any CPU
		{CB9CF26F-CCE3-42CC-B47A-58FEFCB2B069}.Debug|Any CPU.ActiveCfg = Debug|Any CPU
		{CB9CF26F-CCE3-42CC-B47A-58FEFCB2B069}.Debug|Any CPU.Build.0 = Debug|Any CPU
		{CB9CF26F-CCE3-42CC-B47A-58FEFCB2B069}.Release|Any CPU.ActiveCfg = Release|Any CPU
		{CB9CF26F-CCE3-42CC-B47A-58FEFCB2B069}.Release|Any CPU.Build.0 = Release|Any CPU
		{292B8D53-C17E-4B46-BD8F-587EED41804C}.Debug|Any CPU.ActiveCfg = Debug|Any CPU
		{292B8D53-C17E-4B46-BD8F-587EED41804C}.Debug|Any CPU.Build.0 = Debug|Any CPU
		{292B8D53-C17E-4B46-BD8F-587EED41804C}.Release|Any CPU.ActiveCfg = Release|Any CPU
		{292B8D53-C17E-4B46-BD8F-587EED41804C}.Release|Any CPU.Build.0 = Release|Any CPU
		{709EBF72-02AB-4B01-8686-367FBB8775F3}.Debug|Any CPU.ActiveCfg = Debug|Any CPU
		{709EBF72-02AB-4B01-8686-367FBB8775F3}.Debug|Any CPU.Build.0 = Debug|Any CPU
		{709EBF72-02AB-4B01-8686-367FBB8775F3}.Release|Any CPU.ActiveCfg = Release|Any CPU
		{709EBF72-02AB-4B01-8686-367FBB8775F3}.Release|Any CPU.Build.0 = Release|Any CPU
		{48B5307E-DFB7-4274-863F-3C689F867369}.Debug|Any CPU.ActiveCfg = Debug|Any CPU
		{48B5307E-DFB7-4274-863F-3C689F867369}.Debug|Any CPU.Build.0 = Debug|Any CPU
		{48B5307E-DFB7-4274-863F-3C689F867369}.Release|Any CPU.ActiveCfg = Release|Any CPU
		{48B5307E-DFB7-4274-863F-3C689F867369}.Release|Any CPU.Build.0 = Release|Any CPU
		{2281A30B-4B65-4849-83EB-83C157BDF061}.Debug|Any CPU.ActiveCfg = Debug|Any CPU
		{2281A30B-4B65-4849-83EB-83C157BDF061}.Debug|Any CPU.Build.0 = Debug|Any CPU
		{2281A30B-4B65-4849-83EB-83C157BDF061}.Release|Any CPU.ActiveCfg = Release|Any CPU
		{2281A30B-4B65-4849-83EB-83C157BDF061}.Release|Any CPU.Build.0 = Release|Any CPU
		{BE1E24D0-BAFD-4A1C-A04B-9B90FEA7958A}.Debug|Any CPU.ActiveCfg = Debug|Any CPU
		{BE1E24D0-BAFD-4A1C-A04B-9B90FEA7958A}.Debug|Any CPU.Build.0 = Debug|Any CPU
		{BE1E24D0-BAFD-4A1C-A04B-9B90FEA7958A}.Release|Any CPU.ActiveCfg = Release|Any CPU
		{BE1E24D0-BAFD-4A1C-A04B-9B90FEA7958A}.Release|Any CPU.Build.0 = Release|Any CPU
		{26F2FAB0-6360-419C-A0BE-E738184C87BF}.Debug|Any CPU.ActiveCfg = Debug|Any CPU
		{26F2FAB0-6360-419C-A0BE-E738184C87BF}.Debug|Any CPU.Build.0 = Debug|Any CPU
		{26F2FAB0-6360-419C-A0BE-E738184C87BF}.Release|Any CPU.ActiveCfg = Release|Any CPU
		{26F2FAB0-6360-419C-A0BE-E738184C87BF}.Release|Any CPU.Build.0 = Release|Any CPU
		{1E034294-43B4-452D-B618-A80776C11280}.Debug|Any CPU.ActiveCfg = Debug|Any CPU
		{1E034294-43B4-452D-B618-A80776C11280}.Debug|Any CPU.Build.0 = Debug|Any CPU
		{1E034294-43B4-452D-B618-A80776C11280}.Release|Any CPU.ActiveCfg = Release|Any CPU
		{1E034294-43B4-452D-B618-A80776C11280}.Release|Any CPU.Build.0 = Release|Any CPU
		{092E6B23-07FA-49A4-8450-4580B5871E80}.Debug|Any CPU.ActiveCfg = Debug|Any CPU
		{092E6B23-07FA-49A4-8450-4580B5871E80}.Debug|Any CPU.Build.0 = Debug|Any CPU
		{092E6B23-07FA-49A4-8450-4580B5871E80}.Release|Any CPU.ActiveCfg = Release|Any CPU
		{092E6B23-07FA-49A4-8450-4580B5871E80}.Release|Any CPU.Build.0 = Release|Any CPU
		{D22D79B5-433D-4D6B-8CE2-E6B6586C083F}.Debug|Any CPU.ActiveCfg = Debug|Any CPU
		{D22D79B5-433D-4D6B-8CE2-E6B6586C083F}.Debug|Any CPU.Build.0 = Debug|Any CPU
		{D22D79B5-433D-4D6B-8CE2-E6B6586C083F}.Release|Any CPU.ActiveCfg = Release|Any CPU
		{D22D79B5-433D-4D6B-8CE2-E6B6586C083F}.Release|Any CPU.Build.0 = Release|Any CPU
		{55FFC6D6-6691-468B-A938-A8C22FDADD8F}.Debug|Any CPU.ActiveCfg = Debug|Any CPU
		{55FFC6D6-6691-468B-A938-A8C22FDADD8F}.Debug|Any CPU.Build.0 = Debug|Any CPU
		{55FFC6D6-6691-468B-A938-A8C22FDADD8F}.Release|Any CPU.ActiveCfg = Release|Any CPU
		{55FFC6D6-6691-468B-A938-A8C22FDADD8F}.Release|Any CPU.Build.0 = Release|Any CPU
		{FE0A1498-B243-42AF-B5E0-1A070C37BCBE}.Debug|Any CPU.ActiveCfg = Debug|Any CPU
		{FE0A1498-B243-42AF-B5E0-1A070C37BCBE}.Debug|Any CPU.Build.0 = Debug|Any CPU
		{FE0A1498-B243-42AF-B5E0-1A070C37BCBE}.Release|Any CPU.ActiveCfg = Release|Any CPU
		{FE0A1498-B243-42AF-B5E0-1A070C37BCBE}.Release|Any CPU.Build.0 = Release|Any CPU
		{B86144E8-E421-4219-9664-CD0519AEF947}.Debug|Any CPU.ActiveCfg = Debug|Any CPU
		{B86144E8-E421-4219-9664-CD0519AEF947}.Debug|Any CPU.Build.0 = Debug|Any CPU
		{B86144E8-E421-4219-9664-CD0519AEF947}.Release|Any CPU.ActiveCfg = Release|Any CPU
		{B86144E8-E421-4219-9664-CD0519AEF947}.Release|Any CPU.Build.0 = Release|Any CPU
	EndGlobalSection
	GlobalSection(SolutionProperties) = preSolution
		HideSolutionNode = FALSE
	EndGlobalSection
	GlobalSection(NestedProjects) = preSolution
		{197CC225-E2F4-4E94-9499-748E679179D1} = {02EA681E-C7D8-13C7-8484-4AC65E1B71E8}
		{0CAAD961-DA26-4EFB-B5EE-37F61619C92B} = {02EA681E-C7D8-13C7-8484-4AC65E1B71E8}
		{37F0DEFF-E02F-46BA-9205-CDA1020C4C85} = {02EA681E-C7D8-13C7-8484-4AC65E1B71E8}
		{15953C90-F544-4C24-A12D-62844764D5D1} = {3507F01B-2101-46A7-86E7-4AA512B487C2}
		{FEACF0F0-18D5-484E-AD10-549643541D5A} = {3507F01B-2101-46A7-86E7-4AA512B487C2}
		{CB9CF26F-CCE3-42CC-B47A-58FEFCB2B069} = {3507F01B-2101-46A7-86E7-4AA512B487C2}
		{292B8D53-C17E-4B46-BD8F-587EED41804C} = {EB1C78AF-5780-4EA9-8B43-1869C1EE44A5}
		{709EBF72-02AB-4B01-8686-367FBB8775F3} = {EB1C78AF-5780-4EA9-8B43-1869C1EE44A5}
		{48B5307E-DFB7-4274-863F-3C689F867369} = {EB1C78AF-5780-4EA9-8B43-1869C1EE44A5}
		{2281A30B-4B65-4849-83EB-83C157BDF061} = {C9898CDD-8722-4A43-B766-2CBA6F918F32}
		{BE1E24D0-BAFD-4A1C-A04B-9B90FEA7958A} = {C9898CDD-8722-4A43-B766-2CBA6F918F32}
		{26F2FAB0-6360-419C-A0BE-E738184C87BF} = {C9898CDD-8722-4A43-B766-2CBA6F918F32}
		{1E034294-43B4-452D-B618-A80776C11280} = {826768FF-996D-4DAD-8307-5979BA66C4A8}
		{092E6B23-07FA-49A4-8450-4580B5871E80} = {826768FF-996D-4DAD-8307-5979BA66C4A8}
		{D22D79B5-433D-4D6B-8CE2-E6B6586C083F} = {826768FF-996D-4DAD-8307-5979BA66C4A8}
		{55FFC6D6-6691-468B-A938-A8C22FDADD8F} = {2D0D9D61-D8E2-40E1-93BA-D9B904A02B9F}
		{FE0A1498-B243-42AF-B5E0-1A070C37BCBE} = {2D0D9D61-D8E2-40E1-93BA-D9B904A02B9F}
		{B86144E8-E421-4219-9664-CD0519AEF947} = {2D0D9D61-D8E2-40E1-93BA-D9B904A02B9F}
	EndGlobalSection
	GlobalSection(ExtensibilityGlobals) = postSolution
		SolutionGuid = {A76DE60E-4A10-4463-83AF-3C913C9F5520}
	EndGlobalSection
EndGlobal
